
Microsoft Visual Studio Solution File, Format Version 12.00
# Visual Studio Version 17
VisualStudioVersion = 17.2.32616.157
MinimumVisualStudioVersion = 10.0.40219.1
Project("{FAE04EC0-301F-11D3-BF4B-00C04F79EFBC}") = "parse and Tryparse", "parse and Tryparse.csproj", "{6E9C786A-9497-4F08-8CC4-789E21D97404}"
EndProject
Global
	GlobalSection(SolutionConfigurationPlatforms) = preSolution
		Debug|Any CPU = Debug|Any CPU
		Release|Any CPU = Release|Any CPU
	EndGlobalSection
	GlobalSection(ProjectConfigurationPlatforms) = postSolution
		{6E9C786A-9497-4F08-8CC4-789E21D97404}.Debug|Any CPU.ActiveCfg = Debug|Any CPU
		{6E9C786A-9497-4F08-8CC4-789E21D97404}.Debug|Any CPU.Build.0 = Debug|Any CPU
		{6E9C786A-9497-4F08-8CC4-789E21D97404}.Release|Any CPU.ActiveCfg = Release|Any CPU
		{6E9C786A-9497-4F08-8CC4-789E21D97404}.Release|Any CPU.Build.0 = Release|Any CPU
	EndGlobalSection
	GlobalSection(SolutionProperties) = preSolution
		HideSolutionNode = FALSE
	EndGlobalSection
	GlobalSection(ExtensibilityGlobals) = postSolution
		SolutionGuid = {02E8F362-862A-45C3-928F-43320358D9F3}
	EndGlobalSection
EndGlobal
